// !$*UTF8*$!
{
	archiveVersion = 1;
	classes = {
	};
	objectVersion = 46;
	objects = {

/* Begin PBXBuildFile section */
		CD0F7A651CC9065A00ACD50A /* main.m in Sources */ = {isa = PBXBuildFile; fileRef = CD0F7A641CC9065A00ACD50A /* main.m */; };
		CD0F7A681CC9065A00ACD50A /* AppDelegate.m in Sources */ = {isa = PBXBuildFile; fileRef = CD0F7A671CC9065A00ACD50A /* AppDelegate.m */; };
		CD0F7A6B1CC9065A00ACD50A /* ViewController.m in Sources */ = {isa = PBXBuildFile; fileRef = CD0F7A6A1CC9065A00ACD50A /* ViewController.m */; };
		CD0F7A6E1CC9065A00ACD50A /* Main.storyboard in Resources */ = {isa = PBXBuildFile; fileRef = CD0F7A6C1CC9065A00ACD50A /* Main.storyboard */; };
		CD0F7A701CC9065A00ACD50A /* Assets.xcassets in Resources */ = {isa = PBXBuildFile; fileRef = CD0F7A6F1CC9065A00ACD50A /* Assets.xcassets */; };
		CD0F7A731CC9065A00ACD50A /* LaunchScreen.storyboard in Resources */ = {isa = PBXBuildFile; fileRef = CD0F7A711CC9065A00ACD50A /* LaunchScreen.storyboard */; };
		CD0F7A7E1CC9065A00ACD50A /* __ControllerTests.m in Sources */ = {isa = PBXBuildFile; fileRef = CD0F7A7D1CC9065A00ACD50A /* __ControllerTests.m */; };
		CD0F7A891CC9065A00ACD50A /* __ControllerUITests.m in Sources */ = {isa = PBXBuildFile; fileRef = CD0F7A881CC9065A00ACD50A /* __ControllerUITests.m */; };
/* End PBXBuildFile section */

/* Begin PBXContainerItemProxy section */
		CD0F7A7A1CC9065A00ACD50A /* PBXContainerItemProxy */ = {
			isa = PBXContainerItemProxy;
			containerPortal = CD0F7A581CC9065A00ACD50A /* Project object */;
			proxyType = 1;
			remoteGlobalIDString = CD0F7A5F1CC9065A00ACD50A;
			remoteInfo = "设置Controller";
		};
		CD0F7A851CC9065A00ACD50A /* PBXContainerItemProxy */ = {
			isa = PBXContainerItemProxy;
			containerPortal = CD0F7A581CC9065A00ACD50A /* Project object */;
			proxyType = 1;
			remoteGlobalIDString = CD0F7A5F1CC9065A00ACD50A;
			remoteInfo = "设置Controller";
		};
/* End PBXContainerItemProxy section */

/* Begin PBXFileReference section */
		CD0F7A601CC9065A00ACD50A /* 设置Controller.app */ = {isa = PBXFileReference; explicitFileType = wrapper.application; includeInIndex = 0; path = "设置Controller.app"; sourceTree = BUILT_PRODUCTS_DIR; };
		CD0F7A641CC9065A00ACD50A /* main.m */ = {isa = PBXFileReference; lastKnownFileType = sourcecode.c.objc; path = main.m; sourceTree = "<group>"; };
		CD0F7A661CC9065A00ACD50A /* AppDelegate.h */ = {isa = PBXFileReference; lastKnownFileType = sourcecode.c.h; path = AppDelegate.h; sourceTree = "<group>"; };
		CD0F7A671CC9065A00ACD50A /* AppDelegate.m */ = {isa = PBXFileReference; lastKnownFileType = sourcecode.c.objc; path = AppDelegate.m; sourceTree = "<group>"; };
		CD0F7A691CC9065A00ACD50A /* ViewController.h */ = {isa = PBXFileReference; lastKnownFileType = sourcecode.c.h; path = ViewController.h; sourceTree = "<group>"; };
		CD0F7A6A1CC9065A00ACD50A /* ViewController.m */ = {isa = PBXFileReference; lastKnownFileType = sourcecode.c.objc; path = ViewController.m; sourceTree = "<group>"; };
		CD0F7A6D1CC9065A00ACD50A /* Base */ = {isa = PBXFileReference; lastKnownFileType = file.storyboard; name = Base; path = Base.lproj/Main.storyboard; sourceTree = "<group>"; };
		CD0F7A6F1CC9065A00ACD50A /* Assets.xcassets */ = {isa = PBXFileReference; lastKnownFileType = folder.assetcatalog; path = Assets.xcassets; sourceTree = "<group>"; };
		CD0F7A721CC9065A00ACD50A /* Base */ = {isa = PBXFileReference; lastKnownFileType = file.storyboard; name = Base; path = Base.lproj/LaunchScreen.storyboard; sourceTree = "<group>"; };
		CD0F7A741CC9065A00ACD50A /* Info.plist */ = {isa = PBXFileReference; lastKnownFileType = text.plist.xml; path = Info.plist; sourceTree = "<group>"; };
		CD0F7A791CC9065A00ACD50A /* 设置ControllerTests.xctest */ = {isa = PBXFileReference; explicitFileType = wrapper.cfbundle; includeInIndex = 0; path = "设置ControllerTests.xctest"; sourceTree = BUILT_PRODUCTS_DIR; };
		CD0F7A7D1CC9065A00ACD50A /* __ControllerTests.m */ = {isa = PBXFileReference; lastKnownFileType = sourcecode.c.objc; path = __ControllerTests.m; sourceTree = "<group>"; };
		CD0F7A7F1CC9065A00ACD50A /* Info.plist */ = {isa = PBXFileReference; lastKnownFileType = text.plist.xml; path = Info.plist; sourceTree = "<group>"; };
		CD0F7A841CC9065A00ACD50A /* 设置ControllerUITests.xctest */ = {isa = PBXFileReference; explicitFileType = wrapper.cfbundle; includeInIndex = 0; path = "设置ControllerUITests.xctest"; sourceTree = BUILT_PRODUCTS_DIR; };
		CD0F7A881CC9065A00ACD50A /* __ControllerUITests.m */ = {isa = PBXFileReference; lastKnownFileType = sourcecode.c.objc; path = __ControllerUITests.m; sourceTree = "<group>"; };
		CD0F7A8A1CC9065A00ACD50A /* Info.plist */ = {isa = PBXFileReference; lastKnownFileType = text.plist.xml; path = Info.plist; sourceTree = "<group>"; };
/* End PBXFileReference section */

/* Begin PBXFrameworksBuildPhase section */
		CD0F7A5D1CC9065A00ACD50A /* Frameworks */ = {
			isa = PBXFrameworksBuildPhase;
			buildActionMask = 2147483647;
			files = (
			);
			runOnlyForDeploymentPostprocessing = 0;
		};
		CD0F7A761CC9065A00ACD50A /* Frameworks */ = {
			isa = PBXFrameworksBuildPhase;
			buildActionMask = 2147483647;
			files = (
			);
			runOnlyForDeploymentPostprocessing = 0;
		};
		CD0F7A811CC9065A00ACD50A /* Frameworks */ = {
			isa = PBXFrameworksBuildPhase;
			buildActionMask = 2147483647;
			files = (
			);
			runOnlyForDeploymentPostprocessing = 0;
		};
/* End PBXFrameworksBuildPhase section */

/* Begin PBXGroup section */
		CD0F7A571CC9065A00ACD50A = {
			isa = PBXGroup;
			children = (
				CD0F7A621CC9065A00ACD50A /* 设置Controller */,
				CD0F7A7C1CC9065A00ACD50A /* 设置ControllerTests */,
				CD0F7A871CC9065A00ACD50A /* 设置ControllerUITests */,
				CD0F7A611CC9065A00ACD50A /* Products */,
			);
			sourceTree = "<group>";
		};
		CD0F7A611CC9065A00ACD50A /* Products */ = {
			isa = PBXGroup;
			children = (
				CD0F7A601CC9065A00ACD50A /* 设置Controller.app */,
				CD0F7A791CC9065A00ACD50A /* 设置ControllerTests.xctest */,
				CD0F7A841CC9065A00ACD50A /* 设置ControllerUITests.xctest */,
			);
			name = Products;
			sourceTree = "<group>";
		};
		CD0F7A621CC9065A00ACD50A /* 设置Controller */ = {
			isa = PBXGroup;
			children = (
				CD0F7A661CC9065A00ACD50A /* AppDelegate.h */,
				CD0F7A671CC9065A00ACD50A /* AppDelegate.m */,
				CD0F7A691CC9065A00ACD50A /* ViewController.h */,
				CD0F7A6A1CC9065A00ACD50A /* ViewController.m */,
				CD0F7A6C1CC9065A00ACD50A /* Main.storyboard */,
				CD0F7A6F1CC9065A00ACD50A /* Assets.xcassets */,
				CD0F7A711CC9065A00ACD50A /* LaunchScreen.storyboard */,
				CD0F7A741CC9065A00ACD50A /* Info.plist */,
				CD0F7A631CC9065A00ACD50A /* Supporting Files */,
			);
			path = "设置Controller";
			sourceTree = "<group>";
		};
		CD0F7A631CC9065A00ACD50A /* Supporting Files */ = {
			isa = PBXGroup;
			children = (
				CD0F7A641CC9065A00ACD50A /* main.m */,
			);
			name = "Supporting Files";
			sourceTree = "<group>";
		};
		CD0F7A7C1CC9065A00ACD50A /* 设置ControllerTests */ = {
			isa = PBXGroup;
			children = (
				CD0F7A7D1CC9065A00ACD50A /* __ControllerTests.m */,
				CD0F7A7F1CC9065A00ACD50A /* Info.plist */,
			);
			path = "设置ControllerTests";
			sourceTree = "<group>";
		};
		CD0F7A871CC9065A00ACD50A /* 设置ControllerUITests */ = {
			isa = PBXGroup;
			children = (
				CD0F7A881CC9065A00ACD50A /* __ControllerUITests.m */,
				CD0F7A8A1CC9065A00ACD50A /* Info.plist */,
			);
			path = "设置ControllerUITests";
			sourceTree = "<group>";
		};
/* End PBXGroup section */

/* Begin PBXNativeTarget section */
		CD0F7A5F1CC9065A00ACD50A /* 设置Controller */ = {
			isa = PBXNativeTarget;
			buildConfigurationList = CD0F7A8D1CC9065A00ACD50A /* Build configuration list for PBXNativeTarget "设置Controller" */;
			buildPhases = (
				CD0F7A5C1CC9065A00ACD50A /* Sources */,
				CD0F7A5D1CC9065A00ACD50A /* Frameworks */,
				CD0F7A5E1CC9065A00ACD50A /* Resources */,
			);
			buildRules = (
			);
			dependencies = (
			);
			name = "设置Controller";
			productName = "设置Controller";
			productReference = CD0F7A601CC9065A00ACD50A /* 设置Controller.app */;
			productType = "com.apple.product-type.application";
		};
		CD0F7A781CC9065A00ACD50A /* 设置ControllerTests */ = {
			isa = PBXNativeTarget;
			buildConfigurationList = CD0F7A901CC9065A00ACD50A /* Build configuration list for PBXNativeTarget "设置ControllerTests" */;
			buildPhases = (
				CD0F7A751CC9065A00ACD50A /* Sources */,
				CD0F7A761CC9065A00ACD50A /* Frameworks */,
				CD0F7A771CC9065A00ACD50A /* Resources */,
			);
			buildRules = (
			);
			dependencies = (
				CD0F7A7B1CC9065A00ACD50A /* PBXTargetDependency */,
			);
			name = "设置ControllerTests";
			productName = "设置ControllerTests";
			productReference = CD0F7A791CC9065A00ACD50A /* 设置ControllerTests.xctest */;
			productType = "com.apple.product-type.bundle.unit-test";
		};
		CD0F7A831CC9065A00ACD50A /* 设置ControllerUITests */ = {
			isa = PBXNativeTarget;
			buildConfigurationList = CD0F7A931CC9065A00ACD50A /* Build configuration list for PBXNativeTarget "设置ControllerUITests" */;
			buildPhases = (
				CD0F7A801CC9065A00ACD50A /* Sources */,
				CD0F7A811CC9065A00ACD50A /* Frameworks */,
				CD0F7A821CC9065A00ACD50A /* Resources */,
			);
			buildRules = (
			);
			dependencies = (
				CD0F7A861CC9065A00ACD50A /* PBXTargetDependency */,
			);
			name = "设置ControllerUITests";
			productName = "设置ControllerUITests";
			productReference = CD0F7A841CC9065A00ACD50A /* 设置ControllerUITests.xctest */;
			productType = "com.apple.product-type.bundle.ui-testing";
		};
/* End PBXNativeTarget section */

/* Begin PBXProject section */
		CD0F7A581CC9065A00ACD50A /* Project object */ = {
			isa = PBXProject;
			attributes = {
				LastUpgradeCheck = 0730;
				ORGANIZATIONNAME = "赵浩杰";
				TargetAttributes = {
					CD0F7A5F1CC9065A00ACD50A = {
						CreatedOnToolsVersion = 7.3;
					};
					CD0F7A781CC9065A00ACD50A = {
						CreatedOnToolsVersion = 7.3;
						TestTargetID = CD0F7A5F1CC9065A00ACD50A;
					};
					CD0F7A831CC9065A00ACD50A = {
						CreatedOnToolsVersion = 7.3;
						TestTargetID = CD0F7A5F1CC9065A00ACD50A;
					};
				};
			};
			buildConfigurationList = CD0F7A5B1CC9065A00ACD50A /* Build configuration list for PBXProject "设置Controller" */;
			compatibilityVersion = "Xcode 3.2";
			developmentRegion = English;
			hasScannedForEncodings = 0;
			knownRegions = (
				en,
				Base,
			);
			mainGroup = CD0F7A571CC9065A00ACD50A;
			productRefGroup = CD0F7A611CC9065A00ACD50A /* Products */;
			projectDirPath = "";
			projectRoot = "";
			targets = (
				CD0F7A5F1CC9065A00ACD50A /* 设置Controller */,
				CD0F7A781CC9065A00ACD50A /* 设置ControllerTests */,
				CD0F7A831CC9065A00ACD50A /* 设置ControllerUITests */,
			);
		};
/* End PBXProject section */

/* Begin PBXResourcesBuildPhase section */
		CD0F7A5E1CC9065A00ACD50A /* Resources */ = {
			isa = PBXResourcesBuildPhase;
			buildActionMask = 2147483647;
			files = (
				CD0F7A731CC9065A00ACD50A /* LaunchScreen.storyboard in Resources */,
				CD0F7A701CC9065A00ACD50A /* Assets.xcassets in Resources */,
				CD0F7A6E1CC9065A00ACD50A /* Main.storyboard in Resources */,
			);
			runOnlyForDeploymentPostprocessing = 0;
		};
		CD0F7A771CC9065A00ACD50A /* Resources */ = {
			isa = PBXResourcesBuildPhase;
			buildActionMask = 2147483647;
			files = (
			);
			runOnlyForDeploymentPostprocessing = 0;
		};
		CD0F7A821CC9065A00ACD50A /* Resources */ = {
			isa = PBXResourcesBuildPhase;
			buildActionMask = 2147483647;
			files = (
			);
			runOnlyForDeploymentPostprocessing = 0;
		};
/* End PBXResourcesBuildPhase section */

/* Begin PBXSourcesBuildPhase section */
		CD0F7A5C1CC9065A00ACD50A /* Sources */ = {
			isa = PBXSourcesBuildPhase;
			buildActionMask = 2147483647;
			files = (
				CD0F7A6B1CC9065A00ACD50A /* ViewController.m in Sources */,
				CD0F7A681CC9065A00ACD50A /* AppDelegate.m in Sources */,
				CD0F7A651CC9065A00ACD50A /* main.m in Sources */,
			);
			runOnlyForDeploymentPostprocessing = 0;
		};
		CD0F7A751CC9065A00ACD50A /* Sources */ = {
			isa = PBXSourcesBuildPhase;
			buildActionMask = 2147483647;
			files = (
				CD0F7A7E1CC9065A00ACD50A /* __ControllerTests.m in Sources */,
			);
			runOnlyForDeploymentPostprocessing = 0;
		};
		CD0F7A801CC9065A00ACD50A /* Sources */ = {
			isa = PBXSourcesBuildPhase;
			buildActionMask = 2147483647;
			files = (
				CD0F7A891CC9065A00ACD50A /* __ControllerUITests.m in Sources */,
			);
			runOnlyForDeploymentPostprocessing = 0;
		};
/* End PBXSourcesBuildPhase section */

/* Begin PBXTargetDependency section */
		CD0F7A7B1CC9065A00ACD50A /* PBXTargetDependency */ = {
			isa = PBXTargetDependency;
			target = CD0F7A5F1CC9065A00ACD50A /* 设置Controller */;
			targetProxy = CD0F7A7A1CC9065A00ACD50A /* PBXContainerItemProxy */;
		};
		CD0F7A861CC9065A00ACD50A /* PBXTargetDependency */ = {
			isa = PBXTargetDependency;
			target = CD0F7A5F1CC9065A00ACD50A /* 设置Controller */;
			targetProxy = CD0F7A851CC9065A00ACD50A /* PBXContainerItemProxy */;
		};
/* End PBXTargetDependency section */

/* Begin PBXVariantGroup section */
		CD0F7A6C1CC9065A00ACD50A /* Main.storyboard */ = {
			isa = PBXVariantGroup;
			children = (
				CD0F7A6D1CC9065A00ACD50A /* Base */,
			);
			name = Main.storyboard;
			sourceTree = "<group>";
		};
		CD0F7A711CC9065A00ACD50A /* LaunchScreen.storyboard */ = {
			isa = PBXVariantGroup;
			children = (
				CD0F7A721CC9065A00ACD50A /* Base */,
			);
			name = LaunchScreen.storyboard;
			sourceTree = "<group>";
		};
/* End PBXVariantGroup section */

/* Begin XCBuildConfiguration section */
		CD0F7A8B1CC9065A00ACD50A /* Debug */ = {
			isa = XCBuildConfiguration;
			buildSettings = {
				ALWAYS_SEARCH_USER_PATHS = NO;
				CLANG_ANALYZER_NONNULL = YES;
				CLANG_CXX_LANGUAGE_STANDARD = "gnu++0x";
				CLANG_CXX_LIBRARY = "libc++";
				CLANG_ENABLE_MODULES = YES;
				CLANG_ENABLE_OBJC_ARC = YES;
				CLANG_WARN_BOOL_CONVERSION = YES;
				CLANG_WARN_CONSTANT_CONVERSION = YES;
				CLANG_WARN_DIRECT_OBJC_ISA_USAGE = YES_ERROR;
				CLANG_WARN_EMPTY_BODY = YES;
				CLANG_WARN_ENUM_CONVERSION = YES;
				CLANG_WARN_INT_CONVERSION = YES;
				CLANG_WARN_OBJC_ROOT_CLASS = YES_ERROR;
				CLANG_WARN_UNREACHABLE_CODE = YES;
				CLANG_WARN__DUPLICATE_METHOD_MATCH = YES;
				"CODE_SIGN_IDENTITY[sdk=iphoneos*]" = "iPhone Developer";
				COPY_PHASE_STRIP = NO;
				DEBUG_INFORMATION_FORMAT = dwarf;
				ENABLE_STRICT_OBJC_MSGSEND = YES;
				ENABLE_TESTABILITY = YES;
				GCC_C_LANGUAGE_STANDARD = gnu99;
				GCC_DYNAMIC_NO_PIC = NO;
				GCC_NO_COMMON_BLOCKS = YES;
				GCC_OPTIMIZATION_LEVEL = 0;
				GCC_PREPROCESSOR_DEFINITIONS = (
					"DEBUG=1",
					"$(inherited)",
				);
				GCC_WARN_64_TO_32_BIT_CONVERSION = YES;
				GCC_WARN_ABOUT_RETURN_TYPE = YES_ERROR;
				GCC_WARN_UNDECLARED_SELECTOR = YES;
				GCC_WARN_UNINITIALIZED_AUTOS = YES_AGGRESSIVE;
				GCC_WARN_UNUSED_FUNCTION = YES;
				GCC_WARN_UNUSED_VARIABLE = YES;
				IPHONEOS_DEPLOYMENT_TARGET = 9.3;
				MTL_ENABLE_DEBUG_INFO = YES;
				ONLY_ACTIVE_ARCH = YES;
				SDKROOT = iphoneos;
				TARGETED_DEVICE_FAMILY = "1,2";
			};
			name = Debug;
		};
		CD0F7A8C1CC9065A00ACD50A /* Release */ = {
			isa = XCBuildConfiguration;
			buildSettings = {
				ALWAYS_SEARCH_USER_PATHS = NO;
				CLANG_ANALYZER_NONNULL = YES;
				CLANG_CXX_LANGUAGE_STANDARD = "gnu++0x";
				CLANG_CXX_LIBRARY = "libc++";
				CLANG_ENABLE_MODULES = YES;
				CLANG_ENABLE_OBJC_ARC = YES;
				CLANG_WARN_BOOL_CONVERSION = YES;
				CLANG_WARN_CONSTANT_CONVERSION = YES;
				CLANG_WARN_DIRECT_OBJC_ISA_USAGE = YES_ERROR;
				CLANG_WARN_EMPTY_BODY = YES;
				CLANG_WARN_ENUM_CONVERSION = YES;
				CLANG_WARN_INT_CONVERSION = YES;
				CLANG_WARN_OBJC_ROOT_CLASS = YES_ERROR;
				CLANG_WARN_UNREACHABLE_CODE = YES;
				CLANG_WARN__DUPLICATE_METHOD_MATCH = YES;
				"CODE_SIGN_IDENTITY[sdk=iphoneos*]" = "iPhone Developer";
				COPY_PHASE_STRIP = NO;
				DEBUG_INFORMATION_FORMAT = "dwarf-with-dsym";
				ENABLE_NS_ASSERTIONS = NO;
				ENABLE_STRICT_OBJC_MSGSEND = YES;
				GCC_C_LANGUAGE_STANDARD = gnu99;
				GCC_NO_COMMON_BLOCKS = YES;
				GCC_WARN_64_TO_32_BIT_CONVERSION = YES;
				GCC_WARN_ABOUT_RETURN_TYPE = YES_ERROR;
				GCC_WARN_UNDECLARED_SELECTOR = YES;
				GCC_WARN_UNINITIALIZED_AUTOS = YES_AGGRESSIVE;
				GCC_WARN_UNUSED_FUNCTION = YES;
				GCC_WARN_UNUSED_VARIABLE = YES;
				IPHONEOS_DEPLOYMENT_TARGET = 9.3;
				MTL_ENABLE_DEBUG_INFO = NO;
				SDKROOT = iphoneos;
				TARGETED_DEVICE_FAMILY = "1,2";
				VALIDATE_PRODUCT = YES;
			};
			name = Release;
		};
		CD0F7A8E1CC9065A00ACD50A /* Debug */ = {
			isa = XCBuildConfiguration;
			buildSettings = {
				ASSETCATALOG_COMPILER_APPICON_NAME = AppIcon;
				INFOPLIST_FILE = "设置Controller/Info.plist";
				LD_RUNPATH_SEARCH_PATHS = "$(inherited) @executable_path/Frameworks";
				PRODUCT_BUNDLE_IDENTIFIER = "zhaohaojie.--Controller";
				PRODUCT_NAME = "$(TARGET_NAME)";
			};
			name = Debug;
		};
		CD0F7A8F1CC9065A00ACD50A /* Release */ = {
			isa = XCBuildConfiguration;
			buildSettings = {
				ASSETCATALOG_COMPILER_APPICON_NAME = AppIcon;
				INFOPLIST_FILE = "设置Controller/Info.plist";
				LD_RUNPATH_SEARCH_PATHS = "$(inherited) @executable_path/Frameworks";
				PRODUCT_BUNDLE_IDENTIFIER = "zhaohaojie.--Controller";
				PRODUCT_NAME = "$(TARGET_NAME)";
			};
			name = Release;
		};
		CD0F7A911CC9065A00ACD50A /* Debug */ = {
			isa = XCBuildConfiguration;
			buildSettings = {
				BUNDLE_LOADER = "$(TEST_HOST)";
				INFOPLIST_FILE = "设置ControllerTests/Info.plist";
				LD_RUNPATH_SEARCH_PATHS = "$(inherited) @executable_path/Frameworks @loader_path/Frameworks";
				PRODUCT_BUNDLE_IDENTIFIER = "zhaohaojie.--ControllerTests";
				PRODUCT_NAME = "$(TARGET_NAME)";
				TEST_HOST = "$(BUILT_PRODUCTS_DIR)/设置Controller.app/设置Controller";
			};
			name = Debug;
		};
		CD0F7A921CC9065A00ACD50A /* Release */ = {
			isa = XCBuildConfiguration;
			buildSettings = {
				BUNDLE_LOADER = "$(TEST_HOST)";
				INFOPLIST_FILE = "设置ControllerTests/Info.plist";
				LD_RUNPATH_SEARCH_PATHS = "$(inherited) @executable_path/Frameworks @loader_path/Frameworks";
				PRODUCT_BUNDLE_IDENTIFIER = "zhaohaojie.--ControllerTests";
				PRODUCT_NAME = "$(TARGET_NAME)";
				TEST_HOST = "$(BUILT_PRODUCTS_DIR)/设置Controller.app/设置Controller";
			};
			name = Release;
		};
		CD0F7A941CC9065A00ACD50A /* Debug */ = {
			isa = XCBuildConfiguration;
			buildSettings = {
				INFOPLIST_FILE = "设置ControllerUITests/Info.plist";
				LD_RUNPATH_SEARCH_PATHS = "$(inherited) @executable_path/Frameworks @loader_path/Frameworks";
				PRODUCT_BUNDLE_IDENTIFIER = "zhaohaojie.--ControllerUITests";
				PRODUCT_NAME = "$(TARGET_NAME)";
				TEST_TARGET_NAME = "设置Controller";
			};
			name = Debug;
		};
		CD0F7A951CC9065A00ACD50A /* Release */ = {
			isa = XCBuildConfiguration;
			buildSettings = {
				INFOPLIST_FILE = "设置ControllerUITests/Info.plist";
				LD_RUNPATH_SEARCH_PATHS = "$(inherited) @executable_path/Frameworks @loader_path/Frameworks";
				PRODUCT_BUNDLE_IDENTIFIER = "zhaohaojie.--ControllerUITests";
				PRODUCT_NAME = "$(TARGET_NAME)";
				TEST_TARGET_NAME = "设置Controller";
			};
			name = Release;
		};
/* End XCBuildConfiguration section */

/* Begin XCConfigurationList section */
		CD0F7A5B1CC9065A00ACD50A /* Build configuration list for PBXProject "设置Controller" */ = {
			isa = XCConfigurationList;
			buildConfigurations = (
				CD0F7A8B1CC9065A00ACD50A /* Debug */,
				CD0F7A8C1CC9065A00ACD50A /* Release */,
			);
			defaultConfigurationIsVisible = 0;
			defaultConfigurationName = Release;
		};
		CD0F7A8D1CC9065A00ACD50A /* Build configuration list for PBXNativeTarget "设置Controller" */ = {
			isa = XCConfigurationList;
			buildConfigurations = (
				CD0F7A8E1CC9065A00ACD50A /* Debug */,
				CD0F7A8F1CC9065A00ACD50A /* Release */,
			);
			defaultConfigurationIsVisible = 0;
		};
		CD0F7A901CC9065A00ACD50A /* Build configuration list for PBXNativeTarget "设置ControllerTests" */ = {
			isa = XCConfigurationList;
			buildConfigurations = (
				CD0F7A911CC9065A00ACD50A /* Debug */,
				CD0F7A921CC9065A00ACD50A /* Release */,
			);
			defaultConfigurationIsVisible = 0;
		};
		CD0F7A931CC9065A00ACD50A /* Build configuration list for PBXNativeTarget "设置ControllerUITests" */ = {
			isa = XCConfigurationList;
			buildConfigurations = (
				CD0F7A941CC9065A00ACD50A /* Debug */,
				CD0F7A951CC9065A00ACD50A /* Release */,
			);
			defaultConfigurationIsVisible = 0;
		};
/* End XCConfigurationList section */
	};
	rootObject = CD0F7A581CC9065A00ACD50A /* Project object */;
}
